{
  "requires": true,
  "lockfileVersion": 1,
  "dependencies": {
    "jquery": {
      "version": "3.5.1",
      "resolved": "https://registry.npmjs.org/jquery/-/jquery-3.5.1.tgz",
      "integrity": "sha512-XwIBPqcMn57FxfT+Go5pzySnm4KWkT1Tv7gjrpT1srtf8Weynl6R273VJ5GjkRb51IzMp5nbaPjJXMWeju2MKg=="
    },
    "jquery-timepicker": {
      "version": "1.3.3",
      "resolved": "https://registry.npmjs.org/jquery-timepicker/-/jquery-timepicker-1.3.3.tgz",
      "integrity": "sha1-A0FgyQpSYZ32iWPtp2JdH8qJy3o=",
      "requires": {
        "jquery": ">= 1.4.3"
      }
    },
    "timepicker.js": {
      "version": "3.0.0",
      "resolved": "https://registry.npmjs.org/timepicker.js/-/timepicker.js-3.0.0.tgz",
      "integrity": "sha512-ryKq6V5CQlzGTlcEmRPHR6H8szVUeDT/q7Zrib6L+UTSkark+IpClsfxGKAQ5rvAp7aAr3Siz+z06D8dIS6IwQ=="
    }
  }
}
