{
  "requires": true,
  "lockfileVersion": 1,
  "dependencies": {
    "@fullcalendar/angular": {
      "version": "5.11.0",
      "resolved": "https://registry.npmjs.org/@fullcalendar/angular/-/angular-5.11.0.tgz",
      "integrity": "sha512-jj/VrtDwWkaCeXM30OYWjgvHtC4HUP4KBBcgctcLu2MNJ2t35MMIwGBA22ATOswpa9vjqRxLa6lrWv9W66bXzA==",
      "requires": {
        "@fullcalendar/core": "~5.11.0",
        "fast-deep-equal": "^3.1.1",
        "tslib": "^2.0.0"
      }
    },
    "@fullcalendar/common": {
      "version": "5.11.0",
      "resolved": "https://registry.npmjs.org/@fullcalendar/common/-/common-5.11.0.tgz",
      "integrity": "sha512-gWjbMAnN1u73Oqlgjbyky7i+3bY0hvFSnGT0YBPx44n874AkQa9e9OU12PMLTMOPy0tXPb8DEwRelFQ7CJNbcw==",
      "requires": {
        "tslib": "^2.1.0"
      }
    },
    "@fullcalendar/core": {
      "version": "5.11.0",
      "resolved": "https://registry.npmjs.org/@fullcalendar/core/-/core-5.11.0.tgz",
      "integrity": "sha512-cF/d9LuJb/6xw14ms0urv1H4BiA70c4jrufe/EuVzLR6qTDpK92IZ3JK7GVtZtzptfTYZ/NQgDV9YCzIaO9Blw==",
      "requires": {
        "@fullcalendar/common": "~5.11.0",
        "preact": "^10.0.5",
        "tslib": "^2.1.0"
      }
    },
    "fast-deep-equal": {
      "version": "3.1.3",
      "resolved": "https://registry.npmjs.org/fast-deep-equal/-/fast-deep-equal-3.1.3.tgz",
      "integrity": "sha512-f3qQ9oQy9j2AhBe/H9VC91wLmKBCCU/gDOnKNAYG5hswO7BLKj09Hc5HYNz9cGI++xlpDCIgDaitVs03ATR84Q=="
    },
    "fullcalendar": {
      "version": "5.11.0",
      "resolved": "https://registry.npmjs.org/fullcalendar/-/fullcalendar-5.11.0.tgz",
      "integrity": "sha512-R3yQMKJtP6jWZ3o9fNB0WUOl6Oi+vus3ciLtt3eva7ISutkMm6nE4lA+xhfTS3OIevxVQOv0O646R6G8o7sMXA=="
    },
    "jquery": {
      "version": "3.6.0",
      "resolved": "https://registry.npmjs.org/jquery/-/jquery-3.6.0.tgz",
      "integrity": "sha512-JVzAR/AjBvVt2BmYhxRCSYysDsPcssdmTFnzyLEts9qNwmjmu4JTAMYubEfwVOSwpQ1I1sKKFcxhZCI2buerfw=="
    },
    "jquery-timepicker": {
      "version": "1.3.3",
      "resolved": "https://registry.npmjs.org/jquery-timepicker/-/jquery-timepicker-1.3.3.tgz",
      "integrity": "sha1-A0FgyQpSYZ32iWPtp2JdH8qJy3o=",
      "requires": {
        "jquery": ">= 1.4.3"
      }
    },
    "moment": {
      "version": "2.29.3",
      "resolved": "https://registry.npmjs.org/moment/-/moment-2.29.3.tgz",
      "integrity": "sha512-c6YRvhEo//6T2Jz/vVtYzqBzwvPT95JBQ+smCytzf7c50oMZRsR/a4w88aD34I+/QVSfnoAnSBFPJHItlOMJVw=="
    },
    "preact": {
      "version": "10.7.2",
      "resolved": "https://registry.npmjs.org/preact/-/preact-10.7.2.tgz",
      "integrity": "sha512-GLjn0I3r6ka+NvxJUppsVFqb4V0qDTEHT/QxHlidPuClGaxF/4AI2Qti4a0cv3XMh5n1+D3hLScW10LRIm5msQ=="
    },
    "timepicker.js": {
      "version": "3.0.0",
      "resolved": "https://registry.npmjs.org/timepicker.js/-/timepicker.js-3.0.0.tgz",
      "integrity": "sha512-ryKq6V5CQlzGTlcEmRPHR6H8szVUeDT/q7Zrib6L+UTSkark+IpClsfxGKAQ5rvAp7aAr3Siz+z06D8dIS6IwQ=="
    },
    "tslib": {
      "version": "2.4.0",
      "resolved": "https://registry.npmjs.org/tslib/-/tslib-2.4.0.tgz",
      "integrity": "sha512-d6xOpEDfsi2CZVlPQzGeux8XMwLT9hssAsaPYExaQMuYskwb+x1x7J371tWlbBdWHroy99KnVB6qIkUbs5X3UQ=="
    }
  }
}
